<?xml version="1.0" encoding="UTF-8" standalone="yes" ?>
<CodeBlocks_project_file>
   <FileVersion major="1" minor="6" />
   <Project>
      <Option title="InterpolationLibrary" />
      <Option makefile_is_custom="1" />
      <Option compiler="gcc" />
      <Option virtualFolders="CMake Files\;" />
      <Build>
      <Target title="all">
         <Option working_dir="/home/anders/C++/InterpolationLibrary/InterpolationLibrary" />
         <Option type="4" />
         <MakeCommands>
            <Build command="/usr/bin/make -f &quot;/home/anders/C++/InterpolationLibrary/InterpolationLibrary/Makefile&quot;  VERBOSE=1 all" />
            <CompileFile command="/usr/bin/make -f &quot;/home/anders/C++/InterpolationLibrary/InterpolationLibrary/Makefile&quot;  VERBOSE=1 &quot;$file&quot;" />
            <Clean command="/usr/bin/make -f &quot;/home/anders/C++/InterpolationLibrary/InterpolationLibrary/Makefile&quot;  VERBOSE=1 clean" />
            <DistClean command="/usr/bin/make -f &quot;/home/anders/C++/InterpolationLibrary/InterpolationLibrary/Makefile&quot;  VERBOSE=1 clean" />
         </MakeCommands>
      </Target>
      <Target title="BSplineInterpolation">
         <Option output="/home/anders/C++/InterpolationLibrary/InterpolationLibrary/libBSplineInterpolation.so" prefix_auto="0" extension_auto="0" />
         <Option working_dir="/home/anders/C++/InterpolationLibrary/InterpolationLibrary" />
         <Option object_output="./" />
         <Option type="3" />
         <Option compiler="gcc" />
         <Compiler>
            <Add directory="/home/anders/C++/InterpolationLibrary/InterpolationLibrary/include" />
         </Compiler>
         <MakeCommands>
            <Build command="/usr/bin/make -f &quot;/home/anders/C++/InterpolationLibrary/InterpolationLibrary/Makefile&quot;  VERBOSE=1 BSplineInterpolation" />
            <CompileFile command="/usr/bin/make -f &quot;/home/anders/C++/InterpolationLibrary/InterpolationLibrary/Makefile&quot;  VERBOSE=1 &quot;$file&quot;" />
            <Clean command="/usr/bin/make -f &quot;/home/anders/C++/InterpolationLibrary/InterpolationLibrary/Makefile&quot;  VERBOSE=1 clean" />
            <DistClean command="/usr/bin/make -f &quot;/home/anders/C++/InterpolationLibrary/InterpolationLibrary/Makefile&quot;  VERBOSE=1 clean" />
         </MakeCommands>
      </Target>
      <Target title="BSplineInterpolation/fast">
         <Option output="/home/anders/C++/InterpolationLibrary/InterpolationLibrary/libBSplineInterpolation.so" prefix_auto="0" extension_auto="0" />
         <Option working_dir="/home/anders/C++/InterpolationLibrary/InterpolationLibrary" />
         <Option object_output="./" />
         <Option type="3" />
         <Option compiler="gcc" />
         <Compiler>
            <Add directory="/home/anders/C++/InterpolationLibrary/InterpolationLibrary/include" />
         </Compiler>
         <MakeCommands>
            <Build command="/usr/bin/make -f &quot;/home/anders/C++/InterpolationLibrary/InterpolationLibrary/Makefile&quot;  VERBOSE=1 BSplineInterpolation/fast" />
            <CompileFile command="/usr/bin/make -f &quot;/home/anders/C++/InterpolationLibrary/InterpolationLibrary/Makefile&quot;  VERBOSE=1 &quot;$file&quot;" />
            <Clean command="/usr/bin/make -f &quot;/home/anders/C++/InterpolationLibrary/InterpolationLibrary/Makefile&quot;  VERBOSE=1 clean" />
            <DistClean command="/usr/bin/make -f &quot;/home/anders/C++/InterpolationLibrary/InterpolationLibrary/Makefile&quot;  VERBOSE=1 clean" />
         </MakeCommands>
      </Target>
      <Target title="install">
         <Option working_dir="/home/anders/C++/InterpolationLibrary/InterpolationLibrary" />
         <Option type="4" />
         <MakeCommands>
            <Build command="/usr/bin/make -f &quot;/home/anders/C++/InterpolationLibrary/InterpolationLibrary/Makefile&quot;  VERBOSE=1 install" />
            <CompileFile command="/usr/bin/make -f &quot;/home/anders/C++/InterpolationLibrary/InterpolationLibrary/Makefile&quot;  VERBOSE=1 &quot;$file&quot;" />
            <Clean command="/usr/bin/make -f &quot;/home/anders/C++/InterpolationLibrary/InterpolationLibrary/Makefile&quot;  VERBOSE=1 clean" />
            <DistClean command="/usr/bin/make -f &quot;/home/anders/C++/InterpolationLibrary/InterpolationLibrary/Makefile&quot;  VERBOSE=1 clean" />
         </MakeCommands>
      </Target>
      <Target title="install/local">
         <Option working_dir="/home/anders/C++/InterpolationLibrary/InterpolationLibrary" />
         <Option type="4" />
         <MakeCommands>
            <Build command="/usr/bin/make -f &quot;/home/anders/C++/InterpolationLibrary/InterpolationLibrary/Makefile&quot;  VERBOSE=1 install/local" />
            <CompileFile command="/usr/bin/make -f &quot;/home/anders/C++/InterpolationLibrary/InterpolationLibrary/Makefile&quot;  VERBOSE=1 &quot;$file&quot;" />
            <Clean command="/usr/bin/make -f &quot;/home/anders/C++/InterpolationLibrary/InterpolationLibrary/Makefile&quot;  VERBOSE=1 clean" />
            <DistClean command="/usr/bin/make -f &quot;/home/anders/C++/InterpolationLibrary/InterpolationLibrary/Makefile&quot;  VERBOSE=1 clean" />
         </MakeCommands>
      </Target>
      <Target title="install/strip">
         <Option working_dir="/home/anders/C++/InterpolationLibrary/InterpolationLibrary" />
         <Option type="4" />
         <MakeCommands>
            <Build command="/usr/bin/make -f &quot;/home/anders/C++/InterpolationLibrary/InterpolationLibrary/Makefile&quot;  VERBOSE=1 install/strip" />
            <CompileFile command="/usr/bin/make -f &quot;/home/anders/C++/InterpolationLibrary/InterpolationLibrary/Makefile&quot;  VERBOSE=1 &quot;$file&quot;" />
            <Clean command="/usr/bin/make -f &quot;/home/anders/C++/InterpolationLibrary/InterpolationLibrary/Makefile&quot;  VERBOSE=1 clean" />
            <DistClean command="/usr/bin/make -f &quot;/home/anders/C++/InterpolationLibrary/InterpolationLibrary/Makefile&quot;  VERBOSE=1 clean" />
         </MakeCommands>
      </Target>
      <Target title="list_install_components">
         <Option working_dir="/home/anders/C++/InterpolationLibrary/InterpolationLibrary" />
         <Option type="4" />
         <MakeCommands>
            <Build command="/usr/bin/make -f &quot;/home/anders/C++/InterpolationLibrary/InterpolationLibrary/Makefile&quot;  VERBOSE=1 list_install_components" />
            <CompileFile command="/usr/bin/make -f &quot;/home/anders/C++/InterpolationLibrary/InterpolationLibrary/Makefile&quot;  VERBOSE=1 &quot;$file&quot;" />
            <Clean command="/usr/bin/make -f &quot;/home/anders/C++/InterpolationLibrary/InterpolationLibrary/Makefile&quot;  VERBOSE=1 clean" />
            <DistClean command="/usr/bin/make -f &quot;/home/anders/C++/InterpolationLibrary/InterpolationLibrary/Makefile&quot;  VERBOSE=1 clean" />
         </MakeCommands>
      </Target>
      <Target title="rebuild_cache">
         <Option working_dir="/home/anders/C++/InterpolationLibrary/InterpolationLibrary" />
         <Option type="4" />
         <MakeCommands>
            <Build command="/usr/bin/make -f &quot;/home/anders/C++/InterpolationLibrary/InterpolationLibrary/Makefile&quot;  VERBOSE=1 rebuild_cache" />
            <CompileFile command="/usr/bin/make -f &quot;/home/anders/C++/InterpolationLibrary/InterpolationLibrary/Makefile&quot;  VERBOSE=1 &quot;$file&quot;" />
            <Clean command="/usr/bin/make -f &quot;/home/anders/C++/InterpolationLibrary/InterpolationLibrary/Makefile&quot;  VERBOSE=1 clean" />
            <DistClean command="/usr/bin/make -f &quot;/home/anders/C++/InterpolationLibrary/InterpolationLibrary/Makefile&quot;  VERBOSE=1 clean" />
         </MakeCommands>
      </Target>
      </Build>
      <Unit filename="/home/anders/C++/InterpolationLibrary/InterpolationLibrary/main.cpp">
      </Unit>
      <Unit filename="/home/anders/C++/InterpolationLibrary/InterpolationLibrary/src/basis.cpp">
      </Unit>
      <Unit filename="/home/anders/C++/InterpolationLibrary/InterpolationLibrary/src/basis1d.cpp">
      </Unit>
      <Unit filename="/home/anders/C++/InterpolationLibrary/InterpolationLibrary/src/bspline.cpp">
      </Unit>
      <Unit filename="/home/anders/C++/InterpolationLibrary/InterpolationLibrary/src/datasample.cpp">
      </Unit>
      <Unit filename="/home/anders/C++/InterpolationLibrary/InterpolationLibrary/src/generaldefinitions.cpp">
      </Unit>
      <Unit filename="/home/anders/C++/InterpolationLibrary/InterpolationLibrary/src/sorteddatatable.cpp">
      </Unit>
      <Unit filename="/home/anders/C++/InterpolationLibrary/InterpolationLibrary/CMakeLists.txt">
          <Option virtualFolder="CMake Files\" />
      </Unit>
   </Project>
</CodeBlocks_project_file>
